# This file was autogenerated by Stack.
# You should not edit this file by hand.
# For more information, please see the documentation at:
#   https://docs.haskellstack.org/en/stable/lock_files

packages:
- completed:
    hackage: inline-c-0.9.0.0@sha256:7b5aa24a265cb50fd71f1a2595506f5a7dec98edcf40b7fbe617193668a90f31,3249
    pantry-tree:
      size: 1263
      sha256: 4aaa49d4985bdd3ae86575a1bc418e29c6a9d11a230d05a0f4728053c18787ee
  original:
    hackage: inline-c-0.9.0.0
- completed:
    hackage: inline-c-cpp-0.4.0.0@sha256:4ff2d7643a36dbfc8d089db3b79981b7f44d7a23823c273f826b545a26c822ca,2124
    pantry-tree:
      size: 586
      sha256: 0c2de25f5d79e822dcade606d0dfbbe0db215c5f150dd4e1fafd8223366bd958
  original:
    hackage: inline-c-cpp-0.4.0.0
- completed:
    hackage: regex-tdfa-1.3.1.0@sha256:bec13812a56a904ff3510caa19fe1b3ce3939e303604b1bcb3162771c52311ba,6324
    pantry-tree:
      size: 2566
      sha256: 0795972b182b375a05fe51aee34ec69dafe799017a49fd2a3e35162dff3f0850
  original:
    hackage: regex-tdfa-1.3.1.0
- completed:
    hackage: ghc-typelits-natnormalise-0.7@sha256:227ea92f133f4d2754e7c2a559a29450df4f1c354698a9614d4578cf979737d0,3415
    pantry-tree:
      size: 609
      sha256: 0dcd31ebb108e3bcf3136059b57b576447e51fcec2ba9040b00d790af7bded1e
  original:
    hackage: ghc-typelits-natnormalise-0.7
- completed:
    hackage: ghc-typelits-knownnat-0.7@sha256:55a30f3dbe2b6c48e3b279c9b6341b0edca17f658e1173ce561ac3d58c51fcc9,4849
    pantry-tree:
      size: 602
      sha256: 3441152ce78e68094925cde259e94784a3c741feed0d645149d7ac434f740740
  original:
    hackage: ghc-typelits-knownnat-0.7
- completed:
    hackage: ghc-typelits-extra-0.3.2@sha256:e26b34488cb77f057441738c6cf4f521026d791f5c5770c32f3d406679f6ff31,4759
    pantry-tree:
      size: 681
      sha256: 42e632504f789fe50d197fa6e23cd968ba2dc0662a140b65161e69782c7bc8f6
  original:
    hackage: ghc-typelits-extra-0.3.2
- completed:
    name: pipes-text
    version: 0.0.2.5
    git: git://github.com/hasktorch/pipes-text.git
    pantry-tree:
      size: 1050
      sha256: 2f38452f4a88f0c185d34748208960f473d21e6205cf5a3f3a5772eaa69a6986
    commit: 3dd3d9519306ea06f0c15ad71bdf57e1dfd0b747
  original:
    git: git://github.com/hasktorch/pipes-text.git
    commit: 3dd3d9519306ea06f0c15ad71bdf57e1dfd0b747
- completed:
    hackage: datasets-0.4.0@sha256:9bfd5b54c6c5e1e72384a890cf29bf85a02007e0a31c98753f7d225be3c7fa6a,4929
    pantry-tree:
      size: 2901
      sha256: 19c2cb354a1f849ac4dbc9d104a17ee675ee03bc689ea1abdb66171a4b8e994f
  original:
    hackage: datasets-0.4.0
- completed:
    hackage: streaming-attoparsec-1.0.0.1@sha256:fe9b878072423d3f075534fe8af24722d9ded1a1129e9a6ed5b71c4a29681b39,1146
    pantry-tree:
      size: 350
      sha256: f54f65bf072698ec2ef514376a4be76383d90faa428ac6fb57c5de10efa45b7e
  original:
    hackage: streaming-attoparsec-1.0.0.1
- completed:
    hackage: streaming-cassava-0.1.0.1@sha256:2d1dfeb09af62009e88311fe92f44d06dafb5cdd38879b437ea6adb3bc40acfe,1739
    pantry-tree:
      size: 386
      sha256: f6146cd660354052a07bd947fc4ced806d5ebaa38ea80d632b98eec41b325d54
  original:
    hackage: streaming-cassava-0.1.0.1
- completed:
    hackage: Chart-cairo-1.9.1@sha256:85605a4663f319e482bbd208c1e44c3cc8e0ec094fcd41b6afa3db4ce60635b0,925
    pantry-tree:
      size: 238
      sha256: 832739931c5d84c3c7b357782dd75cda9548a496f0be21cd1163e2b5e14fd89c
  original:
    hackage: Chart-cairo-1.9.1
- completed:
    hackage: cairo-0.13.8.0@sha256:9b64a376ebaa4f153bba5866a32291fd4bed48147009cce9158ce6533928eba8,4075
    pantry-tree:
      size: 2830
      sha256: 07aeb4b5eaa1d8201f67f4b8011aaf182ceb4e558066e59d482485fc02895994
  original:
    hackage: cairo-0.13.8.0
- completed:
    hackage: gtk2hs-buildtools-0.13.8.0@sha256:132f38155fc677430a47ea750918973161c876fb6f281d342ac2f07eb99229ce,5238
    pantry-tree:
      size: 3588
      sha256: 4552e3c0f2ef0f16285c38898d7e2b6aeea67d4e37cd203b0c82f70592096c45
  original:
    hackage: gtk2hs-buildtools-0.13.8.0
- completed:
    hackage: aeson-1.4.7.1@sha256:6d8d2fd959b7122a1df9389cf4eca30420a053d67289f92cdc0dbc0dab3530ba,7098
    pantry-tree:
      size: 40133
      sha256: caa9306e519c601ab0170d113daa03c1163db53e5466be2968bbd61a771bebcb
  original:
    hackage: aeson-1.4.7.1
- completed:
    hackage: aeson-lens-0.5.0.0@sha256:7b557d74d1f35ce47905d5ab65d9c87bb59843e24177341995d2bb1ceeb177fb,994
    pantry-tree:
      size: 261
      sha256: 603ccba7d86c40cf2e02139d3d843a07c6782edc94b0368947a13f2757fe39da
  original:
    hackage: aeson-lens-0.5.0.0
- completed:
    name: chatter
    version: 0.9.1.0
    git: git://github.com/creswick/chatter.git
    pantry-tree:
      size: 18052
      sha256: 5384043c3c10cc4d9cf382d5eb670f6df33d60dad05fd7dbbd35c6f749fa66d9
    commit: 07befaf1da42d65de399ef96311566ce7cbc223a
  original:
    git: git://github.com/creswick/chatter.git
    commit: 07befaf1da42d65de399ef96311566ce7cbc223a
- completed:
    hackage: cereal-0.5.8.1@sha256:37cb7a78c84412e94592a658768320c41f015f2b8707a433de835afb8ebc18d7,2767
    pantry-tree:
      size: 641
      sha256: 65ec816e5c39253f0060b8b1019450f5c6fa1e0c06c1c7b4a36f09e186a607fd
  original:
    hackage: cereal-0.5.8.1
- completed:
    hackage: fullstop-0.1.4@sha256:80a3e382ef53551bb936e7da8b2825621df0ea169af1212debcb0a90010b30c8,2044
    pantry-tree:
      size: 450
      sha256: 781a9ac79acea598881e6f89f6786ba71fa129cf7031f1bdfae036b0638a54ca
  original:
    hackage: fullstop-0.1.4
- completed:
    hackage: tokenize-0.3.0@sha256:73e4e845359ff60e51d30f3c33b751ced1076fac5e6640243463795260172ee0,2256
    pantry-tree:
      size: 402
      sha256: 9d3349fd6c99072d48683d133d79bb421ac7ad99d365d41900d33edc5eeab727
  original:
    hackage: tokenize-0.3.0
- completed:
    hackage: regex-base-0.94.0.0@sha256:44aa95ca762294ffbb28cf0af9c567d93b5d2c56e4f38ce5385a257d899f968e,2253
    pantry-tree:
      size: 483
      sha256: 627ad9d564650590654720934224090a4e8fc3225e84a7fd1af83bc86b2d446a
  original:
    hackage: regex-base-0.94.0.0
snapshots:
- completed:
    size: 491372
    url: https://raw.githubusercontent.com/commercialhaskell/stackage-snapshots/master/lts/15/5.yaml
    sha256: 1b549cfff328040c382a70a84a2087aac8dab6d778bf92f32a93a771a1980dfc
  original: lts-15.5
